{
  "name": "pokerivals",
  "lockfileVersion": 3,
  "requires": true,
  "packages": {
    "": {
      "dependencies": {
        "@schedule-x/calendar-controls": "^2.5.0",
        "@schedule-x/event-modal": "^2.5.0",
        "@schedule-x/events-service": "^2.5.0",
        "@schedule-x/react": "^2.4.2",
        "@schedule-x/theme-default": "^2.5.0"
      }
    },
    "node_modules/@preact/signals": {
      "version": "1.3.0",
      "resolved": "https://registry.npmjs.org/@preact/signals/-/signals-1.3.0.tgz",
      "integrity": "sha512-EOMeg42SlLS72dhoq6Vjq08havnLseWmPQ8A0YsgIAqMgWgx7V1a39+Pxo6i7SY5NwJtH4849JogFq3M67AzWg==",
      "peer": true,
      "dependencies": {
        "@preact/signals-core": "^1.7.0"
      },
      "funding": {
        "type": "opencollective",
        "url": "https://opencollective.com/preact"
      },
      "peerDependencies": {
        "preact": "10.x"
      }
    },
    "node_modules/@preact/signals-core": {
      "version": "1.8.0",
      "resolved": "https://registry.npmjs.org/@preact/signals-core/-/signals-core-1.8.0.tgz",
      "integrity": "sha512-OBvUsRZqNmjzCZXWLxkZfhcgT+Fk8DDcT/8vD6a1xhDemodyy87UJRJfASMuSD8FaAIeGgGm85ydXhm7lr4fyA==",
      "peer": true,
      "funding": {
        "type": "opencollective",
        "url": "https://opencollective.com/preact"
      }
    },
    "node_modules/@schedule-x/calendar": {
      "version": "2.5.0",
      "resolved": "https://registry.npmjs.org/@schedule-x/calendar/-/calendar-2.5.0.tgz",
      "integrity": "sha512-6Hm84jGLMgDZgIYJhfbBiPDph9m2ompstR0qmu51EK9CSoCcmEXVu4o1WXxsDYi6tGPUhY3xAu/Go5zVbyisLA==",
      "peer": true,
      "peerDependencies": {
        "@preact/signals": "^1.1.5",
        "preact": "^10.19.2"
      }
    },
    "node_modules/@schedule-x/calendar-controls": {
      "version": "2.5.0",
      "resolved": "https://registry.npmjs.org/@schedule-x/calendar-controls/-/calendar-controls-2.5.0.tgz",
      "integrity": "sha512-415pEHjLtub7nzsQPwxh+5q76RKjhbSJhAsG5h7qIVyzjOclkd/u3qhKWD80s+3JDQlR1LNRLWzjMszKbHudBA=="
    },
    "node_modules/@schedule-x/event-modal": {
      "version": "2.5.0",
      "resolved": "https://registry.npmjs.org/@schedule-x/event-modal/-/event-modal-2.5.0.tgz",
      "integrity": "sha512-7D5hoIf+6+rfXzqAY2BSgNb0iYWy0euKnc6sHj0ViKj1Gfki4zrisbfJ8fxyRiE0qguxca11ejROBkiElBk1+A==",
      "peerDependencies": {
        "@preact/signals": "^1.1.5",
        "preact": "^10.19.2"
      }
    },
    "node_modules/@schedule-x/events-service": {
      "version": "2.5.0",
      "resolved": "https://registry.npmjs.org/@schedule-x/events-service/-/events-service-2.5.0.tgz",
      "integrity": "sha512-TcLU7FvimMYCE2PfVZbReAT/0KwHLFh+ICuQkVKyUh6vuEa8HgSRC6n7dvVLcjcXdS8V976NWdtxc2odUXx+og=="
    },
    "node_modules/@schedule-x/react": {
      "version": "2.4.2",
      "resolved": "https://registry.npmjs.org/@schedule-x/react/-/react-2.4.2.tgz",
      "integrity": "sha512-JSxve77bsbEqq+r70eyV8Qk9OL2urkNht79uDR61n74prl0W9B53H+YudLuKn7nzbudmnTm3QCg3QBRoE5DmmQ==",
      "peerDependencies": {
        "@schedule-x/calendar": "^2.3.0",
        "react": "^16.7.0 || ^17 || ^18",
        "react-dom": "^16.7.0 || ^17 || ^18"
      }
    },
    "node_modules/@schedule-x/theme-default": {
      "version": "2.5.0",
      "resolved": "https://registry.npmjs.org/@schedule-x/theme-default/-/theme-default-2.5.0.tgz",
      "integrity": "sha512-PP7RMTctYhM5CQjySUIOHmv25VvJtMNklvQzNyBXesidUqBTSWLHF6I2/btsFli6GxnSzemAXwLln7WzCOPMkQ=="
    },
    "node_modules/js-tokens": {
      "version": "4.0.0",
      "resolved": "https://registry.npmjs.org/js-tokens/-/js-tokens-4.0.0.tgz",
      "integrity": "sha512-RdJUflcE3cUzKiMqQgsCu06FPu9UdIJO0beYbPhHN4k6apgJtifcoCtT9bcxOpYBtpD2kCM6Sbzg4CausW/PKQ==",
      "peer": true
    },
    "node_modules/loose-envify": {
      "version": "1.4.0",
      "resolved": "https://registry.npmjs.org/loose-envify/-/loose-envify-1.4.0.tgz",
      "integrity": "sha512-lyuxPGr/Wfhrlem2CL/UcnUc1zcqKAImBDzukY7Y5F/yQiNdko6+fRLevlw1HgMySw7f611UIY408EtxRSoK3Q==",
      "peer": true,
      "dependencies": {
        "js-tokens": "^3.0.0 || ^4.0.0"
      },
      "bin": {
        "loose-envify": "cli.js"
      }
    },
    "node_modules/preact": {
      "version": "10.24.3",
      "resolved": "https://registry.npmjs.org/preact/-/preact-10.24.3.tgz",
      "integrity": "sha512-Z2dPnBnMUfyQfSQ+GBdsGa16hz35YmLmtTLhM169uW944hYL6xzTYkJjC07j+Wosz733pMWx0fgON3JNw1jJQA==",
      "peer": true,
      "funding": {
        "type": "opencollective",
        "url": "https://opencollective.com/preact"
      }
    },
    "node_modules/react": {
      "version": "18.3.1",
      "resolved": "https://registry.npmjs.org/react/-/react-18.3.1.tgz",
      "integrity": "sha512-wS+hAgJShR0KhEvPJArfuPVN1+Hz1t0Y6n5jLrGQbkb4urgPE/0Rve+1kMB1v/oWgHgm4WIcV+i7F2pTVj+2iQ==",
      "peer": true,
      "dependencies": {
        "loose-envify": "^1.1.0"
      },
      "engines": {
        "node": ">=0.10.0"
      }
    },
    "node_modules/react-dom": {
      "version": "18.3.1",
      "resolved": "https://registry.npmjs.org/react-dom/-/react-dom-18.3.1.tgz",
      "integrity": "sha512-5m4nQKp+rZRb09LNH59GM4BxTh9251/ylbKIbpe7TpGxfJ+9kv6BLkLBXIjjspbgbnIBNqlI23tRnTWT0snUIw==",
      "peer": true,
      "dependencies": {
        "loose-envify": "^1.1.0",
        "scheduler": "^0.23.2"
      },
      "peerDependencies": {
        "react": "^18.3.1"
      }
    },
    "node_modules/scheduler": {
      "version": "0.23.2",
      "resolved": "https://registry.npmjs.org/scheduler/-/scheduler-0.23.2.tgz",
      "integrity": "sha512-UOShsPwz7NrMUqhR6t0hWjFduvOzbtv7toDH1/hIrfRNIDBnnBWd0CwJTGvTpngVlmwGCdP9/Zl/tVrDqcuYzQ==",
      "peer": true,
      "dependencies": {
        "loose-envify": "^1.1.0"
      }
    }
  }
}
